
Microsoft Visual Studio Solution File, Format Version 12.00
# Visual Studio Version 17
VisualStudioVersion = 17.1.32407.343
MinimumVisualStudioVersion = 10.0.40219.1
Project("{FAE04EC0-301F-11D3-BF4B-00C04F79EFBC}") = "upak", "upak\upak.csproj", "{2A87AC5A-D38E-4B71-8A6B-3298A3DDDE6C}"
EndProject
Project("{FAE04EC0-301F-11D3-BF4B-00C04F79EFBC}") = "upak.core", "upak.core\upak.core.csproj", "{4CC8A741-E2B2-4D1F-9AD3-E29D26FFECF7}"
EndProject
Project("{FAE04EC0-301F-11D3-BF4B-00C04F79EFBC}") = "upak.test", "upak.test\upak.test.csproj", "{14AC8285-DB75-44EB-ABCC-23B0F1C438AE}"
EndProject
Global
	GlobalSection(SolutionConfigurationPlatforms) = preSolution
		Debug|Any CPU = Debug|Any CPU
		Release|Any CPU = Release|Any CPU
	EndGlobalSection
	GlobalSection(ProjectConfigurationPlatforms) = postSolution
		{2A87AC5A-D38E-4B71-8A6B-3298A3DDDE6C}.Debug|Any CPU.ActiveCfg = Debug|Any CPU
		{2A87AC5A-D38E-4B71-8A6B-3298A3DDDE6C}.Debug|Any CPU.Build.0 = Debug|Any CPU
		{2A87AC5A-D38E-4B71-8A6B-3298A3DDDE6C}.Release|Any CPU.ActiveCfg = Release|Any CPU
		{2A87AC5A-D38E-4B71-8A6B-3298A3DDDE6C}.Release|Any CPU.Build.0 = Release|Any CPU
		{4CC8A741-E2B2-4D1F-9AD3-E29D26FFECF7}.Debug|Any CPU.ActiveCfg = Debug|Any CPU
		{4CC8A741-E2B2-4D1F-9AD3-E29D26FFECF7}.Debug|Any CPU.Build.0 = Debug|Any CPU
		{4CC8A741-E2B2-4D1F-9AD3-E29D26FFECF7}.Release|Any CPU.ActiveCfg = Release|Any CPU
		{4CC8A741-E2B2-4D1F-9AD3-E29D26FFECF7}.Release|Any CPU.Build.0 = Release|Any CPU
		{14AC8285-DB75-44EB-ABCC-23B0F1C438AE}.Debug|Any CPU.ActiveCfg = Debug|Any CPU
		{14AC8285-DB75-44EB-ABCC-23B0F1C438AE}.Debug|Any CPU.Build.0 = Debug|Any CPU
		{14AC8285-DB75-44EB-ABCC-23B0F1C438AE}.Release|Any CPU.ActiveCfg = Release|Any CPU
		{14AC8285-DB75-44EB-ABCC-23B0F1C438AE}.Release|Any CPU.Build.0 = Release|Any CPU
	EndGlobalSection
	GlobalSection(SolutionProperties) = preSolution
		HideSolutionNode = FALSE
	EndGlobalSection
	GlobalSection(ExtensibilityGlobals) = postSolution
		SolutionGuid = {C783C8FD-3237-4A58-BF55-05F2FF161E2C}
	EndGlobalSection
EndGlobal
